
Microsoft Visual Studio Solution File, Format Version 12.00
# Visual Studio Version 17
VisualStudioVersion = 17.0.31903.59
MinimumVisualStudioVersion = 10.0.40219.1
Project("{9A19103F-16F7-4668-BE54-9A1E7A4F7556}") = "FMSEvaluering.Api", "FMSEvaluering.Api\FMSEvaluering.Api.csproj", "{ED687EA2-6037-4F1D-891B-6A37AD0B4CDB}"
EndProject
Project("{9A19103F-16F7-4668-BE54-9A1E7A4F7556}") = "FMSEvaluering.Application", "FMSEvaluering.Application\FMSEvaluering.Application.csproj", "{862CE014-DDF0-4E7C-87AD-4358D76775B3}"
EndProject
Project("{9A19103F-16F7-4668-BE54-9A1E7A4F7556}") = "FMSEvaluering.Domain", "FMSEvaluering.Domain\FMSEvaluering.Domain.csproj", "{CC71F827-8A10-4AAF-ACEB-370AF70EEBF8}"
EndProject
Project("{9A19103F-16F7-4668-BE54-9A1E7A4F7556}") = "FMSEvaluering.Domain.Test", "FMSEvaluering.Domain.Test\FMSEvaluering.Domain.Test.csproj", "{BD8DF0E0-76EF-4D5F-9C9C-D266DB69C525}"
EndProject
Project("{9A19103F-16F7-4668-BE54-9A1E7A4F7556}") = "FMSEvaluering.Infrastructure", "FMSEvaluering.Infrastructure\FMSEvaluering.Infrastructure.csproj", "{710B9504-9ED6-4361-9656-6ADDBAA2D50B}"
EndProject
Project("{9A19103F-16F7-4668-BE54-9A1E7A4F7556}") = "FMSEvaluering.DatabaseMigration", "FMSEvaluering.DatabaseMigration\FMSEvaluering.DatabaseMigration.csproj", "{EB250E7A-F079-44D9-90CB-B4570314EEAD}"
EndProject
Project("{2150E333-8FDC-42A3-9474-1A3956D46DE8}") = "FMSEvaluering", "FMSEvaluering", "{66604DD1-538F-42AC-A556-CD476991F978}"
EndProject
Project("{2150E333-8FDC-42A3-9474-1A3956D46DE8}") = "FMSUserService", "FMSUserService", "{4CD67414-867D-4FC5-94B8-8BAEE793F7AD}"
EndProject
Project("{9A19103F-16F7-4668-BE54-9A1E7A4F7556}") = "FMSUserService.Api", "FMSUserService.Api\FMSUserService.Api.csproj", "{945DCD31-6554-4C1B-90DE-59AAF55210C1}"
EndProject
Project("{9A19103F-16F7-4668-BE54-9A1E7A4F7556}") = "FMSUserService.Application", "FMSUserService.Application\FMSUserService.Application.csproj", "{0ED7E146-0626-4B4E-A120-1A2BA15D5187}"
EndProject
Project("{9A19103F-16F7-4668-BE54-9A1E7A4F7556}") = "FMSUserService.DatabaseMigration", "FMSUserService.DatabaseMigration\FMSUserService.DatabaseMigration.csproj", "{45AC484F-EBCC-44D2-9530-46278551CCBA}"
EndProject
Project("{9A19103F-16F7-4668-BE54-9A1E7A4F7556}") = "FMSUserService.Domain", "FMSUserService.Domain\FMSUserService.Domain.csproj", "{259BA97D-8229-4254-8034-30FBA063F8F4}"
EndProject
Project("{9A19103F-16F7-4668-BE54-9A1E7A4F7556}") = "FMSUserService.Domain.Test", "FMSUserService.Domain.Test\FMSUserService.Domain.Test.csproj", "{12D6CCAA-A95D-49F9-9B87-9F5E0F6A15EE}"
EndProject
Project("{9A19103F-16F7-4668-BE54-9A1E7A4F7556}") = "FMSUserService.Infrastructure", "FMSUserService.Infrastructure\FMSUserService.Infrastructure.csproj", "{6AF66AE4-C94E-4C0A-BD50-308E09D57F09}"
EndProject
Project("{2150E333-8FDC-42A3-9474-1A3956D46DE8}") = "UI", "UI", "{ED7744C2-D368-4FC0-B058-87EEDD0BC878}"
EndProject
Project("{FAE04EC0-301F-11D3-BF4B-00C04F79EFBC}") = "FMSEvalueringUI", "FMSEvalueringUI\FMSEvalueringUI.csproj", "{0C48CCA7-56A9-441F-892A-098D3359D027}"
EndProject
Global
	GlobalSection(SolutionConfigurationPlatforms) = preSolution
		Debug|Any CPU = Debug|Any CPU
		Release|Any CPU = Release|Any CPU
	EndGlobalSection
	GlobalSection(ProjectConfigurationPlatforms) = postSolution
		{ED687EA2-6037-4F1D-891B-6A37AD0B4CDB}.Debug|Any CPU.ActiveCfg = Debug|Any CPU
		{ED687EA2-6037-4F1D-891B-6A37AD0B4CDB}.Debug|Any CPU.Build.0 = Debug|Any CPU
		{ED687EA2-6037-4F1D-891B-6A37AD0B4CDB}.Release|Any CPU.ActiveCfg = Release|Any CPU
		{ED687EA2-6037-4F1D-891B-6A37AD0B4CDB}.Release|Any CPU.Build.0 = Release|Any CPU
		{862CE014-DDF0-4E7C-87AD-4358D76775B3}.Debug|Any CPU.ActiveCfg = Debug|Any CPU
		{862CE014-DDF0-4E7C-87AD-4358D76775B3}.Debug|Any CPU.Build.0 = Debug|Any CPU
		{862CE014-DDF0-4E7C-87AD-4358D76775B3}.Release|Any CPU.ActiveCfg = Release|Any CPU
		{862CE014-DDF0-4E7C-87AD-4358D76775B3}.Release|Any CPU.Build.0 = Release|Any CPU
		{CC71F827-8A10-4AAF-ACEB-370AF70EEBF8}.Debug|Any CPU.ActiveCfg = Debug|Any CPU
		{CC71F827-8A10-4AAF-ACEB-370AF70EEBF8}.Debug|Any CPU.Build.0 = Debug|Any CPU
		{CC71F827-8A10-4AAF-ACEB-370AF70EEBF8}.Release|Any CPU.ActiveCfg = Release|Any CPU
		{CC71F827-8A10-4AAF-ACEB-370AF70EEBF8}.Release|Any CPU.Build.0 = Release|Any CPU
		{BD8DF0E0-76EF-4D5F-9C9C-D266DB69C525}.Debug|Any CPU.ActiveCfg = Debug|Any CPU
		{BD8DF0E0-76EF-4D5F-9C9C-D266DB69C525}.Debug|Any CPU.Build.0 = Debug|Any CPU
		{BD8DF0E0-76EF-4D5F-9C9C-D266DB69C525}.Release|Any CPU.ActiveCfg = Release|Any CPU
		{BD8DF0E0-76EF-4D5F-9C9C-D266DB69C525}.Release|Any CPU.Build.0 = Release|Any CPU
		{710B9504-9ED6-4361-9656-6ADDBAA2D50B}.Debug|Any CPU.ActiveCfg = Debug|Any CPU
		{710B9504-9ED6-4361-9656-6ADDBAA2D50B}.Debug|Any CPU.Build.0 = Debug|Any CPU
		{710B9504-9ED6-4361-9656-6ADDBAA2D50B}.Release|Any CPU.ActiveCfg = Release|Any CPU
		{710B9504-9ED6-4361-9656-6ADDBAA2D50B}.Release|Any CPU.Build.0 = Release|Any CPU
		{EB250E7A-F079-44D9-90CB-B4570314EEAD}.Debug|Any CPU.ActiveCfg = Debug|Any CPU
		{EB250E7A-F079-44D9-90CB-B4570314EEAD}.Debug|Any CPU.Build.0 = Debug|Any CPU
		{EB250E7A-F079-44D9-90CB-B4570314EEAD}.Release|Any CPU.ActiveCfg = Release|Any CPU
		{EB250E7A-F079-44D9-90CB-B4570314EEAD}.Release|Any CPU.Build.0 = Release|Any CPU
		{945DCD31-6554-4C1B-90DE-59AAF55210C1}.Debug|Any CPU.ActiveCfg = Debug|Any CPU
		{945DCD31-6554-4C1B-90DE-59AAF55210C1}.Debug|Any CPU.Build.0 = Debug|Any CPU
		{945DCD31-6554-4C1B-90DE-59AAF55210C1}.Release|Any CPU.ActiveCfg = Release|Any CPU
		{945DCD31-6554-4C1B-90DE-59AAF55210C1}.Release|Any CPU.Build.0 = Release|Any CPU
		{0ED7E146-0626-4B4E-A120-1A2BA15D5187}.Debug|Any CPU.ActiveCfg = Debug|Any CPU
		{0ED7E146-0626-4B4E-A120-1A2BA15D5187}.Debug|Any CPU.Build.0 = Debug|Any CPU
		{0ED7E146-0626-4B4E-A120-1A2BA15D5187}.Release|Any CPU.ActiveCfg = Release|Any CPU
		{0ED7E146-0626-4B4E-A120-1A2BA15D5187}.Release|Any CPU.Build.0 = Release|Any CPU
		{45AC484F-EBCC-44D2-9530-46278551CCBA}.Debug|Any CPU.ActiveCfg = Debug|Any CPU
		{45AC484F-EBCC-44D2-9530-46278551CCBA}.Debug|Any CPU.Build.0 = Debug|Any CPU
		{45AC484F-EBCC-44D2-9530-46278551CCBA}.Release|Any CPU.ActiveCfg = Release|Any CPU
		{45AC484F-EBCC-44D2-9530-46278551CCBA}.Release|Any CPU.Build.0 = Release|Any CPU
		{259BA97D-8229-4254-8034-30FBA063F8F4}.Debug|Any CPU.ActiveCfg = Debug|Any CPU
		{259BA97D-8229-4254-8034-30FBA063F8F4}.Debug|Any CPU.Build.0 = Debug|Any CPU
		{259BA97D-8229-4254-8034-30FBA063F8F4}.Release|Any CPU.ActiveCfg = Release|Any CPU
		{259BA97D-8229-4254-8034-30FBA063F8F4}.Release|Any CPU.Build.0 = Release|Any CPU
		{12D6CCAA-A95D-49F9-9B87-9F5E0F6A15EE}.Debug|Any CPU.ActiveCfg = Debug|Any CPU
		{12D6CCAA-A95D-49F9-9B87-9F5E0F6A15EE}.Debug|Any CPU.Build.0 = Debug|Any CPU
		{12D6CCAA-A95D-49F9-9B87-9F5E0F6A15EE}.Release|Any CPU.ActiveCfg = Release|Any CPU
		{12D6CCAA-A95D-49F9-9B87-9F5E0F6A15EE}.Release|Any CPU.Build.0 = Release|Any CPU
		{6AF66AE4-C94E-4C0A-BD50-308E09D57F09}.Debug|Any CPU.ActiveCfg = Debug|Any CPU
		{6AF66AE4-C94E-4C0A-BD50-308E09D57F09}.Debug|Any CPU.Build.0 = Debug|Any CPU
		{6AF66AE4-C94E-4C0A-BD50-308E09D57F09}.Release|Any CPU.ActiveCfg = Release|Any CPU
		{6AF66AE4-C94E-4C0A-BD50-308E09D57F09}.Release|Any CPU.Build.0 = Release|Any CPU
		{0C48CCA7-56A9-441F-892A-098D3359D027}.Debug|Any CPU.ActiveCfg = Debug|Any CPU
		{0C48CCA7-56A9-441F-892A-098D3359D027}.Debug|Any CPU.Build.0 = Debug|Any CPU
		{0C48CCA7-56A9-441F-892A-098D3359D027}.Release|Any CPU.ActiveCfg = Release|Any CPU
		{0C48CCA7-56A9-441F-892A-098D3359D027}.Release|Any CPU.Build.0 = Release|Any CPU
	EndGlobalSection
	GlobalSection(SolutionProperties) = preSolution
		HideSolutionNode = FALSE
	EndGlobalSection
	GlobalSection(NestedProjects) = preSolution
		{ED687EA2-6037-4F1D-891B-6A37AD0B4CDB} = {66604DD1-538F-42AC-A556-CD476991F978}
		{862CE014-DDF0-4E7C-87AD-4358D76775B3} = {66604DD1-538F-42AC-A556-CD476991F978}
		{CC71F827-8A10-4AAF-ACEB-370AF70EEBF8} = {66604DD1-538F-42AC-A556-CD476991F978}
		{BD8DF0E0-76EF-4D5F-9C9C-D266DB69C525} = {66604DD1-538F-42AC-A556-CD476991F978}
		{710B9504-9ED6-4361-9656-6ADDBAA2D50B} = {66604DD1-538F-42AC-A556-CD476991F978}
		{EB250E7A-F079-44D9-90CB-B4570314EEAD} = {66604DD1-538F-42AC-A556-CD476991F978}
		{945DCD31-6554-4C1B-90DE-59AAF55210C1} = {4CD67414-867D-4FC5-94B8-8BAEE793F7AD}
		{0ED7E146-0626-4B4E-A120-1A2BA15D5187} = {4CD67414-867D-4FC5-94B8-8BAEE793F7AD}
		{45AC484F-EBCC-44D2-9530-46278551CCBA} = {4CD67414-867D-4FC5-94B8-8BAEE793F7AD}
		{259BA97D-8229-4254-8034-30FBA063F8F4} = {4CD67414-867D-4FC5-94B8-8BAEE793F7AD}
		{12D6CCAA-A95D-49F9-9B87-9F5E0F6A15EE} = {4CD67414-867D-4FC5-94B8-8BAEE793F7AD}
		{6AF66AE4-C94E-4C0A-BD50-308E09D57F09} = {4CD67414-867D-4FC5-94B8-8BAEE793F7AD}
		{0C48CCA7-56A9-441F-892A-098D3359D027} = {ED7744C2-D368-4FC0-B058-87EEDD0BC878}
	EndGlobalSection
	GlobalSection(ExtensibilityGlobals) = postSolution
		SolutionGuid = {1BF2D27B-1149-4E80-89BE-8DB7BE546943}
	EndGlobalSection
EndGlobal
